
Microsoft Visual Studio Solution File, Format Version 12.00
# Visual Studio 15
VisualStudioVersion = 15.0.28307.271
MinimumVisualStudioVersion = 10.0.40219.1
Project("{8BC9CEB8-8B4A-11D0-8D11-00A0C91BC942}") = "nbldpc-cpu", "nbldpc-cpu.vcxproj", "{4FBF198F-9FE7-4DF7-B079-CA5C2677DFC3}"
EndProject
Global
	GlobalSection(SolutionConfigurationPlatforms) = preSolution
		Debug|x86 = Debug|x86
		Release|x86 = Release|x86
	EndGlobalSection
	GlobalSection(ProjectConfigurationPlatforms) = postSolution
		{4FBF198F-9FE7-4DF7-B079-CA5C2677DFC3}.Debug|x86.ActiveCfg = Debug|Win32
		{4FBF198F-9FE7-4DF7-B079-CA5C2677DFC3}.Debug|x86.Build.0 = Debug|Win32
		{4FBF198F-9FE7-4DF7-B079-CA5C2677DFC3}.Release|x86.ActiveCfg = Release|Win32
		{4FBF198F-9FE7-4DF7-B079-CA5C2677DFC3}.Release|x86.Build.0 = Release|Win32
	EndGlobalSection
	GlobalSection(SolutionProperties) = preSolution
		HideSolutionNode = FALSE
	EndGlobalSection
	GlobalSection(ExtensibilityGlobals) = postSolution
		SolutionGuid = {FAD0FB3C-9078-4CCD-A03B-8175ACC1686A}
	EndGlobalSection
EndGlobal
